// !$*UTF8*$!
{
	archiveVersion = 1;
	classes = {
	};
	objectVersion = 51;
	objects = {

/* Begin PBXBuildFile section */
		2A1C0B8A232A6EC300D09D6B /* ImageMeasurementDraft.swift in Sources */ = {isa = PBXBuildFile; fileRef = 2A1C0B89232A6EC300D09D6B /* ImageMeasurementDraft.swift */; };
		2A1C0B8C232A6F3600D09D6B /* RequestParameter.swift in Sources */ = {isa = PBXBuildFile; fileRef = 2A1C0B8B232A6F3600D09D6B /* RequestParameter.swift */; };
		2A1C0B8E232A707A00D09D6B /* ImageMeasurmentResult.swift in Sources */ = {isa = PBXBuildFile; fileRef = 2A1C0B8D232A707A00D09D6B /* ImageMeasurmentResult.swift */; };
		2A1C0B91232A738A00D09D6B /* UIImage+Base64String.swift in Sources */ = {isa = PBXBuildFile; fileRef = 2A1C0B90232A738A00D09D6B /* UIImage+Base64String.swift */; };
		2A1C0B93232A75A600D09D6B /* berk-front-2.png in Resources */ = {isa = PBXBuildFile; fileRef = 2A1C0B92232A75A600D09D6B /* berk-front-2.png */; };
		2A1C0B95232A75AC00D09D6B /* berk-side-2.png in Resources */ = {isa = PBXBuildFile; fileRef = 2A1C0B94232A75AC00D09D6B /* berk-side-2.png */; };
		2AE9E0E0232A623500115986 /* FitAPI.swift in Sources */ = {isa = PBXBuildFile; fileRef = 2AE9E0DF232A623500115986 /* FitAPI.swift */; };
		D836A254419A14F200416792 /* Pods_BauerFitPrototype.framework in Frameworks */ = {isa = PBXBuildFile; fileRef = 2B807B945E88B2E30D25A6A5 /* Pods_BauerFitPrototype.framework */; };
		ECCAD748231EC89D00A43343 /* AppDelegate.swift in Sources */ = {isa = PBXBuildFile; fileRef = ECCAD747231EC89D00A43343 /* AppDelegate.swift */; };
		ECCAD74A231EC89D00A43343 /* CameraController.swift in Sources */ = {isa = PBXBuildFile; fileRef = ECCAD749231EC89D00A43343 /* CameraController.swift */; };
		ECCAD74D231EC89D00A43343 /* Main.storyboard in Resources */ = {isa = PBXBuildFile; fileRef = ECCAD74B231EC89D00A43343 /* Main.storyboard */; };
		ECCAD74F231EC89E00A43343 /* Assets.xcassets in Resources */ = {isa = PBXBuildFile; fileRef = ECCAD74E231EC89E00A43343 /* Assets.xcassets */; };
		ECCAD752231EC89E00A43343 /* LaunchScreen.storyboard in Resources */ = {isa = PBXBuildFile; fileRef = ECCAD750231EC89E00A43343 /* LaunchScreen.storyboard */; };
		ECCAD75A231ECB3C00A43343 /* CameraViewController.swift in Sources */ = {isa = PBXBuildFile; fileRef = ECCAD759231ECB3C00A43343 /* CameraViewController.swift */; };
		ECCAD75C231ED28000A43343 /* CaptureProfile.swift in Sources */ = {isa = PBXBuildFile; fileRef = ECCAD75B231ED28000A43343 /* CaptureProfile.swift */; };
		ECCAD75E231ED43C00A43343 /* UserInputViewController.swift in Sources */ = {isa = PBXBuildFile; fileRef = ECCAD75D231ED43C00A43343 /* UserInputViewController.swift */; };
		ECCAD760231EDA1000A43343 /* ShareViewController.swift in Sources */ = {isa = PBXBuildFile; fileRef = ECCAD75F231EDA1000A43343 /* ShareViewController.swift */; };
/* End PBXBuildFile section */

/* Begin PBXFileReference section */
		2A1C0B89232A6EC300D09D6B /* ImageMeasurementDraft.swift */ = {isa = PBXFileReference; lastKnownFileType = sourcecode.swift; path = ImageMeasurementDraft.swift; sourceTree = "<group>"; };
		2A1C0B8B232A6F3600D09D6B /* RequestParameter.swift */ = {isa = PBXFileReference; lastKnownFileType = sourcecode.swift; path = RequestParameter.swift; sourceTree = "<group>"; };
		2A1C0B8D232A707A00D09D6B /* ImageMeasurmentResult.swift */ = {isa = PBXFileReference; lastKnownFileType = sourcecode.swift; path = ImageMeasurmentResult.swift; sourceTree = "<group>"; };
		2A1C0B90232A738A00D09D6B /* UIImage+Base64String.swift */ = {isa = PBXFileReference; lastKnownFileType = sourcecode.swift; path = "UIImage+Base64String.swift"; sourceTree = "<group>"; };
		2A1C0B92232A75A600D09D6B /* berk-front-2.png */ = {isa = PBXFileReference; lastKnownFileType = image.png; path = "berk-front-2.png"; sourceTree = "<group>"; };
		2A1C0B94232A75AC00D09D6B /* berk-side-2.png */ = {isa = PBXFileReference; lastKnownFileType = image.png; path = "berk-side-2.png"; sourceTree = "<group>"; };
		2AE9E0DF232A623500115986 /* FitAPI.swift */ = {isa = PBXFileReference; lastKnownFileType = sourcecode.swift; path = FitAPI.swift; sourceTree = "<group>"; };
		2B807B945E88B2E30D25A6A5 /* Pods_BauerFitPrototype.framework */ = {isa = PBXFileReference; explicitFileType = wrapper.framework; includeInIndex = 0; path = Pods_BauerFitPrototype.framework; sourceTree = BUILT_PRODUCTS_DIR; };
		8E770E677878626B104EE0CF /* Pods-BauerFitPrototype.debug.xcconfig */ = {isa = PBXFileReference; includeInIndex = 1; lastKnownFileType = text.xcconfig; name = "Pods-BauerFitPrototype.debug.xcconfig"; path = "Target Support Files/Pods-BauerFitPrototype/Pods-BauerFitPrototype.debug.xcconfig"; sourceTree = "<group>"; };
		C2BA779579F775E2B9D0F6E6 /* Pods-BauerFitPrototype.release.xcconfig */ = {isa = PBXFileReference; includeInIndex = 1; lastKnownFileType = text.xcconfig; name = "Pods-BauerFitPrototype.release.xcconfig"; path = "Target Support Files/Pods-BauerFitPrototype/Pods-BauerFitPrototype.release.xcconfig"; sourceTree = "<group>"; };
		ECCAD744231EC89D00A43343 /* BauerFitPrototype.app */ = {isa = PBXFileReference; explicitFileType = wrapper.application; includeInIndex = 0; path = BauerFitPrototype.app; sourceTree = BUILT_PRODUCTS_DIR; };
		ECCAD747231EC89D00A43343 /* AppDelegate.swift */ = {isa = PBXFileReference; lastKnownFileType = sourcecode.swift; path = AppDelegate.swift; sourceTree = "<group>"; };
		ECCAD749231EC89D00A43343 /* CameraController.swift */ = {isa = PBXFileReference; lastKnownFileType = sourcecode.swift; path = CameraController.swift; sourceTree = "<group>"; };
		ECCAD74C231EC89D00A43343 /* Base */ = {isa = PBXFileReference; lastKnownFileType = file.storyboard; name = Base; path = Base.lproj/Main.storyboard; sourceTree = "<group>"; };
		ECCAD74E231EC89E00A43343 /* Assets.xcassets */ = {isa = PBXFileReference; lastKnownFileType = folder.assetcatalog; path = Assets.xcassets; sourceTree = "<group>"; };
		ECCAD751231EC89E00A43343 /* Base */ = {isa = PBXFileReference; lastKnownFileType = file.storyboard; name = Base; path = Base.lproj/LaunchScreen.storyboard; sourceTree = "<group>"; };
		ECCAD753231EC89E00A43343 /* Info.plist */ = {isa = PBXFileReference; lastKnownFileType = text.plist.xml; path = Info.plist; sourceTree = "<group>"; };
		ECCAD759231ECB3C00A43343 /* CameraViewController.swift */ = {isa = PBXFileReference; lastKnownFileType = sourcecode.swift; path = CameraViewController.swift; sourceTree = "<group>"; };
		ECCAD75B231ED28000A43343 /* CaptureProfile.swift */ = {isa = PBXFileReference; lastKnownFileType = sourcecode.swift; path = CaptureProfile.swift; sourceTree = "<group>"; };
		ECCAD75D231ED43C00A43343 /* UserInputViewController.swift */ = {isa = PBXFileReference; lastKnownFileType = sourcecode.swift; path = UserInputViewController.swift; sourceTree = "<group>"; };
		ECCAD75F231EDA1000A43343 /* ShareViewController.swift */ = {isa = PBXFileReference; lastKnownFileType = sourcecode.swift; path = ShareViewController.swift; sourceTree = "<group>"; };
/* End PBXFileReference section */

/* Begin PBXFrameworksBuildPhase section */
		ECCAD741231EC89D00A43343 /* Frameworks */ = {
			isa = PBXFrameworksBuildPhase;
			buildActionMask = 2147483647;
			files = (
				D836A254419A14F200416792 /* Pods_BauerFitPrototype.framework in Frameworks */,
			);
			runOnlyForDeploymentPostprocessing = 0;
		};
/* End PBXFrameworksBuildPhase section */

/* Begin PBXGroup section */
		0959FFD315AF2B4C4F1C9DFE /* Frameworks */ = {
			isa = PBXGroup;
			children = (
				2B807B945E88B2E30D25A6A5 /* Pods_BauerFitPrototype.framework */,
			);
			name = Frameworks;
			sourceTree = "<group>";
		};
		2A1C0B7F232A6D6600D09D6B /* Networking */ = {
			isa = PBXGroup;
			children = (
				2AE9E0DF232A623500115986 /* FitAPI.swift */,
				2A1C0B8B232A6F3600D09D6B /* RequestParameter.swift */,
			);
			path = Networking;
			sourceTree = "<group>";
		};
		2A1C0B80232A6D8200D09D6B /* Controllers */ = {
			isa = PBXGroup;
			children = (
				ECCAD759231ECB3C00A43343 /* CameraViewController.swift */,
				ECCAD749231EC89D00A43343 /* CameraController.swift */,
				ECCAD75D231ED43C00A43343 /* UserInputViewController.swift */,
				ECCAD75F231EDA1000A43343 /* ShareViewController.swift */,
			);
			path = Controllers;
			sourceTree = "<group>";
		};
		2A1C0B81232A6D8B00D09D6B /* Views */ = {
			isa = PBXGroup;
			children = (
			);
			path = Views;
			sourceTree = "<group>";
		};
		2A1C0B82232A6D9200D09D6B /* Models */ = {
			isa = PBXGroup;
			children = (
				ECCAD75B231ED28000A43343 /* CaptureProfile.swift */,
				2A1C0B8D232A707A00D09D6B /* ImageMeasurmentResult.swift */,
			);
			path = Models;
			sourceTree = "<group>";
		};
		2A1C0B83232A6DCF00D09D6B /* Support */ = {
			isa = PBXGroup;
			children = (
				ECCAD753231EC89E00A43343 /* Info.plist */,
			);
			path = Support;
			sourceTree = "<group>";
		};
		2A1C0B84232A6DE100D09D6B /* Resources */ = {
			isa = PBXGroup;
			children = (
				ECCAD74E231EC89E00A43343 /* Assets.xcassets */,
				2A1C0B94232A75AC00D09D6B /* berk-side-2.png */,
				2A1C0B92232A75A600D09D6B /* berk-front-2.png */,
			);
			path = Resources;
			sourceTree = "<group>";
		};
		2A1C0B85232A6E0000D09D6B /* IB */ = {
			isa = PBXGroup;
			children = (
				ECCAD74B231EC89D00A43343 /* Main.storyboard */,
				ECCAD750231EC89E00A43343 /* LaunchScreen.storyboard */,
			);
			path = IB;
			sourceTree = "<group>";
		};
		2A1C0B86232A6E1400D09D6B /* Core */ = {
			isa = PBXGroup;
			children = (
				2A1C0B87232A6E1E00D09D6B /* Application */,
			);
			path = Core;
			sourceTree = "<group>";
		};
		2A1C0B87232A6E1E00D09D6B /* Application */ = {
			isa = PBXGroup;
			children = (
				ECCAD747231EC89D00A43343 /* AppDelegate.swift */,
			);
			path = Application;
			sourceTree = "<group>";
		};
		2A1C0B88232A6E7C00D09D6B /* Drafts */ = {
			isa = PBXGroup;
			children = (
				2A1C0B89232A6EC300D09D6B /* ImageMeasurementDraft.swift */,
			);
			path = Drafts;
			sourceTree = "<group>";
		};
		2A1C0B8F232A736300D09D6B /* Extensions */ = {
			isa = PBXGroup;
			children = (
				2A1C0B90232A738A00D09D6B /* UIImage+Base64String.swift */,
			);
			path = Extensions;
			sourceTree = "<group>";
		};
		7364E0EB64CEA66251390A2A /* Pods */ = {
			isa = PBXGroup;
			children = (
				8E770E677878626B104EE0CF /* Pods-BauerFitPrototype.debug.xcconfig */,
				C2BA779579F775E2B9D0F6E6 /* Pods-BauerFitPrototype.release.xcconfig */,
			);
			path = Pods;
			sourceTree = "<group>";
		};
		ECCAD73B231EC89D00A43343 = {
			isa = PBXGroup;
			children = (
				ECCAD746231EC89D00A43343 /* BauerFitPrototype */,
				ECCAD745231EC89D00A43343 /* Products */,
				7364E0EB64CEA66251390A2A /* Pods */,
				0959FFD315AF2B4C4F1C9DFE /* Frameworks */,
			);
			sourceTree = "<group>";
		};
		ECCAD745231EC89D00A43343 /* Products */ = {
			isa = PBXGroup;
			children = (
				ECCAD744231EC89D00A43343 /* BauerFitPrototype.app */,
			);
			name = Products;
			sourceTree = "<group>";
		};
		ECCAD746231EC89D00A43343 /* BauerFitPrototype */ = {
			isa = PBXGroup;
			children = (
				2A1C0B80232A6D8200D09D6B /* Controllers */,
				2A1C0B86232A6E1400D09D6B /* Core */,
				2A1C0B88232A6E7C00D09D6B /* Drafts */,
				2A1C0B8F232A736300D09D6B /* Extensions */,
				2A1C0B85232A6E0000D09D6B /* IB */,
				2A1C0B82232A6D9200D09D6B /* Models */,
				2A1C0B7F232A6D6600D09D6B /* Networking */,
				2A1C0B84232A6DE100D09D6B /* Resources */,
				2A1C0B83232A6DCF00D09D6B /* Support */,
				2A1C0B81232A6D8B00D09D6B /* Views */,
			);
			path = BauerFitPrototype;
			sourceTree = "<group>";
		};
/* End PBXGroup section */

/* Begin PBXNativeTarget section */
		ECCAD743231EC89D00A43343 /* BauerFitPrototype */ = {
			isa = PBXNativeTarget;
			buildConfigurationList = ECCAD756231EC89E00A43343 /* Build configuration list for PBXNativeTarget "BauerFitPrototype" */;
			buildPhases = (
				C3269DF58D4447A0C4A2BE4E /* [CP] Check Pods Manifest.lock */,
				ECCAD740231EC89D00A43343 /* Sources */,
				ECCAD741231EC89D00A43343 /* Frameworks */,
				ECCAD742231EC89D00A43343 /* Resources */,
				428FF4D922E6681A410B5263 /* [CP] Embed Pods Frameworks */,
			);
			buildRules = (
			);
			dependencies = (
			);
			name = BauerFitPrototype;
			productName = BauerFitPrototype;
			productReference = ECCAD744231EC89D00A43343 /* BauerFitPrototype.app */;
			productType = "com.apple.product-type.application";
		};
/* End PBXNativeTarget section */

/* Begin PBXProject section */
		ECCAD73C231EC89D00A43343 /* Project object */ = {
			isa = PBXProject;
			attributes = {
				LastSwiftUpdateCheck = 1030;
				LastUpgradeCheck = 1030;
				ORGANIZATIONNAME = Hipo;
				TargetAttributes = {
					ECCAD743231EC89D00A43343 = {
						CreatedOnToolsVersion = 10.3;
					};
				};
			};
			buildConfigurationList = ECCAD73F231EC89D00A43343 /* Build configuration list for PBXProject "BauerFitPrototype" */;
			compatibilityVersion = "Xcode 9.3";
			developmentRegion = en;
			hasScannedForEncodings = 0;
			knownRegions = (
				en,
				Base,
			);
			mainGroup = ECCAD73B231EC89D00A43343;
			productRefGroup = ECCAD745231EC89D00A43343 /* Products */;
			projectDirPath = "";
			projectRoot = "";
			targets = (
				ECCAD743231EC89D00A43343 /* BauerFitPrototype */,
			);
		};
/* End PBXProject section */

/* Begin PBXResourcesBuildPhase section */
		ECCAD742231EC89D00A43343 /* Resources */ = {
			isa = PBXResourcesBuildPhase;
			buildActionMask = 2147483647;
			files = (
				2A1C0B93232A75A600D09D6B /* berk-front-2.png in Resources */,
				ECCAD752231EC89E00A43343 /* LaunchScreen.storyboard in Resources */,
				ECCAD74F231EC89E00A43343 /* Assets.xcassets in Resources */,
				ECCAD74D231EC89D00A43343 /* Main.storyboard in Resources */,
				2A1C0B95232A75AC00D09D6B /* berk-side-2.png in Resources */,
			);
			runOnlyForDeploymentPostprocessing = 0;
		};
/* End PBXResourcesBuildPhase section */

/* Begin PBXShellScriptBuildPhase section */
		428FF4D922E6681A410B5263 /* [CP] Embed Pods Frameworks */ = {
			isa = PBXShellScriptBuildPhase;
			buildActionMask = 2147483647;
			files = (
			);
			inputFileListPaths = (
				"${PODS_ROOT}/Target Support Files/Pods-BauerFitPrototype/Pods-BauerFitPrototype-frameworks-${CONFIGURATION}-input-files.xcfilelist",
			);
			name = "[CP] Embed Pods Frameworks";
			outputFileListPaths = (
				"${PODS_ROOT}/Target Support Files/Pods-BauerFitPrototype/Pods-BauerFitPrototype-frameworks-${CONFIGURATION}-output-files.xcfilelist",
			);
			runOnlyForDeploymentPostprocessing = 0;
			shellPath = /bin/sh;
			shellScript = "\"${PODS_ROOT}/Target Support Files/Pods-BauerFitPrototype/Pods-BauerFitPrototype-frameworks.sh\"\n";
			showEnvVarsInLog = 0;
		};
		C3269DF58D4447A0C4A2BE4E /* [CP] Check Pods Manifest.lock */ = {
			isa = PBXShellScriptBuildPhase;
			buildActionMask = 2147483647;
			files = (
			);
			inputFileListPaths = (
			);
			inputPaths = (
				"${PODS_PODFILE_DIR_PATH}/Podfile.lock",
				"${PODS_ROOT}/Manifest.lock",
			);
			name = "[CP] Check Pods Manifest.lock";
			outputFileListPaths = (
			);
			outputPaths = (
				"$(DERIVED_FILE_DIR)/Pods-BauerFitPrototype-checkManifestLockResult.txt",
			);
			runOnlyForDeploymentPostprocessing = 0;
			shellPath = /bin/sh;
			shellScript = "diff \"${PODS_PODFILE_DIR_PATH}/Podfile.lock\" \"${PODS_ROOT}/Manifest.lock\" > /dev/null\nif [ $? != 0 ] ; then\n    # print error to STDERR\n    echo \"error: The sandbox is not in sync with the Podfile.lock. Run 'pod install' or update your CocoaPods installation.\" >&2\n    exit 1\nfi\n# This output is used by Xcode 'outputs' to avoid re-running this script phase.\necho \"SUCCESS\" > \"${SCRIPT_OUTPUT_FILE_0}\"\n";
			showEnvVarsInLog = 0;
		};
/* End PBXShellScriptBuildPhase section */

/* Begin PBXSourcesBuildPhase section */
		ECCAD740231EC89D00A43343 /* Sources */ = {
			isa = PBXSourcesBuildPhase;
			buildActionMask = 2147483647;
			files = (
				2A1C0B8A232A6EC300D09D6B /* ImageMeasurementDraft.swift in Sources */,
				ECCAD760231EDA1000A43343 /* ShareViewController.swift in Sources */,
				ECCAD75C231ED28000A43343 /* CaptureProfile.swift in Sources */,
				ECCAD74A231EC89D00A43343 /* CameraController.swift in Sources */,
				2A1C0B91232A738A00D09D6B /* UIImage+Base64String.swift in Sources */,
				ECCAD748231EC89D00A43343 /* AppDelegate.swift in Sources */,
				ECCAD75A231ECB3C00A43343 /* CameraViewController.swift in Sources */,
				2A1C0B8C232A6F3600D09D6B /* RequestParameter.swift in Sources */,
				2A1C0B8E232A707A00D09D6B /* ImageMeasurmentResult.swift in Sources */,
				ECCAD75E231ED43C00A43343 /* UserInputViewController.swift in Sources */,
				2AE9E0E0232A623500115986 /* FitAPI.swift in Sources */,
			);
			runOnlyForDeploymentPostprocessing = 0;
		};
/* End PBXSourcesBuildPhase section */

/* Begin PBXVariantGroup section */
		ECCAD74B231EC89D00A43343 /* Main.storyboard */ = {
			isa = PBXVariantGroup;
			children = (
				ECCAD74C231EC89D00A43343 /* Base */,
			);
			name = Main.storyboard;
			sourceTree = "<group>";
		};
		ECCAD750231EC89E00A43343 /* LaunchScreen.storyboard */ = {
			isa = PBXVariantGroup;
			children = (
				ECCAD751231EC89E00A43343 /* Base */,
			);
			name = LaunchScreen.storyboard;
			sourceTree = "<group>";
		};
/* End PBXVariantGroup section */

/* Begin XCBuildConfiguration section */
		ECCAD754231EC89E00A43343 /* Debug */ = {
			isa = XCBuildConfiguration;
			buildSettings = {
				ALWAYS_SEARCH_USER_PATHS = NO;
				CLANG_ANALYZER_NONNULL = YES;
				CLANG_ANALYZER_NUMBER_OBJECT_CONVERSION = YES_AGGRESSIVE;
				CLANG_CXX_LANGUAGE_STANDARD = "gnu++14";
				CLANG_CXX_LIBRARY = "libc++";
				CLANG_ENABLE_MODULES = YES;
				CLANG_ENABLE_OBJC_ARC = YES;
				CLANG_ENABLE_OBJC_WEAK = YES;
				CLANG_WARN_BLOCK_CAPTURE_AUTORELEASING = YES;
				CLANG_WARN_BOOL_CONVERSION = YES;
				CLANG_WARN_COMMA = YES;
				CLANG_WARN_CONSTANT_CONVERSION = YES;
				CLANG_WARN_DEPRECATED_OBJC_IMPLEMENTATIONS = YES;
				CLANG_WARN_DIRECT_OBJC_ISA_USAGE = YES_ERROR;
				CLANG_WARN_DOCUMENTATION_COMMENTS = YES;
				CLANG_WARN_EMPTY_BODY = YES;
				CLANG_WARN_ENUM_CONVERSION = YES;
				CLANG_WARN_INFINITE_RECURSION = YES;
				CLANG_WARN_INT_CONVERSION = YES;
				CLANG_WARN_NON_LITERAL_NULL_CONVERSION = YES;
				CLANG_WARN_OBJC_IMPLICIT_RETAIN_SELF = YES;
				CLANG_WARN_OBJC_LITERAL_CONVERSION = YES;
				CLANG_WARN_OBJC_ROOT_CLASS = YES_ERROR;
				CLANG_WARN_RANGE_LOOP_ANALYSIS = YES;
				CLANG_WARN_STRICT_PROTOTYPES = YES;
				CLANG_WARN_SUSPICIOUS_MOVE = YES;
				CLANG_WARN_UNGUARDED_AVAILABILITY = YES_AGGRESSIVE;
				CLANG_WARN_UNREACHABLE_CODE = YES;
				CLANG_WARN__DUPLICATE_METHOD_MATCH = YES;
				CODE_SIGN_IDENTITY = "iPhone Developer";
				COPY_PHASE_STRIP = NO;
				DEBUG_INFORMATION_FORMAT = dwarf;
				ENABLE_STRICT_OBJC_MSGSEND = YES;
				ENABLE_TESTABILITY = YES;
				GCC_C_LANGUAGE_STANDARD = gnu11;
				GCC_DYNAMIC_NO_PIC = NO;
				GCC_NO_COMMON_BLOCKS = YES;
				GCC_OPTIMIZATION_LEVEL = 0;
				GCC_PREPROCESSOR_DEFINITIONS = (
					"DEBUG=1",
					"$(inherited)",
				);
				GCC_WARN_64_TO_32_BIT_CONVERSION = YES;
				GCC_WARN_ABOUT_RETURN_TYPE = YES_ERROR;
				GCC_WARN_UNDECLARED_SELECTOR = YES;
				GCC_WARN_UNINITIALIZED_AUTOS = YES_AGGRESSIVE;
				GCC_WARN_UNUSED_FUNCTION = YES;
				GCC_WARN_UNUSED_VARIABLE = YES;
				IPHONEOS_DEPLOYMENT_TARGET = 12.4;
				MTL_ENABLE_DEBUG_INFO = INCLUDE_SOURCE;
				MTL_FAST_MATH = YES;
				ONLY_ACTIVE_ARCH = YES;
				SDKROOT = iphoneos;
				SWIFT_ACTIVE_COMPILATION_CONDITIONS = DEBUG;
				SWIFT_OPTIMIZATION_LEVEL = "-Onone";
				SWIFT_VERSION = 5.0;
			};
			name = Debug;
		};
		ECCAD755231EC89E00A43343 /* Release */ = {
			isa = XCBuildConfiguration;
			buildSettings = {
				ALWAYS_SEARCH_USER_PATHS = NO;
				CLANG_ANALYZER_NONNULL = YES;
				CLANG_ANALYZER_NUMBER_OBJECT_CONVERSION = YES_AGGRESSIVE;
				CLANG_CXX_LANGUAGE_STANDARD = "gnu++14";
				CLANG_CXX_LIBRARY = "libc++";
				CLANG_ENABLE_MODULES = YES;
				CLANG_ENABLE_OBJC_ARC = YES;
				CLANG_ENABLE_OBJC_WEAK = YES;
				CLANG_WARN_BLOCK_CAPTURE_AUTORELEASING = YES;
				CLANG_WARN_BOOL_CONVERSION = YES;
				CLANG_WARN_COMMA = YES;
				CLANG_WARN_CONSTANT_CONVERSION = YES;
				CLANG_WARN_DEPRECATED_OBJC_IMPLEMENTATIONS = YES;
				CLANG_WARN_DIRECT_OBJC_ISA_USAGE = YES_ERROR;
				CLANG_WARN_DOCUMENTATION_COMMENTS = YES;
				CLANG_WARN_EMPTY_BODY = YES;
				CLANG_WARN_ENUM_CONVERSION = YES;
				CLANG_WARN_INFINITE_RECURSION = YES;
				CLANG_WARN_INT_CONVERSION = YES;
				CLANG_WARN_NON_LITERAL_NULL_CONVERSION = YES;
				CLANG_WARN_OBJC_IMPLICIT_RETAIN_SELF = YES;
				CLANG_WARN_OBJC_LITERAL_CONVERSION = YES;
				CLANG_WARN_OBJC_ROOT_CLASS = YES_ERROR;
				CLANG_WARN_RANGE_LOOP_ANALYSIS = YES;
				CLANG_WARN_STRICT_PROTOTYPES = YES;
				CLANG_WARN_SUSPICIOUS_MOVE = YES;
				CLANG_WARN_UNGUARDED_AVAILABILITY = YES_AGGRESSIVE;
				CLANG_WARN_UNREACHABLE_CODE = YES;
				CLANG_WARN__DUPLICATE_METHOD_MATCH = YES;
				CODE_SIGN_IDENTITY = "iPhone Developer";
				COPY_PHASE_STRIP = NO;
				DEBUG_INFORMATION_FORMAT = "dwarf-with-dsym";
				ENABLE_NS_ASSERTIONS = NO;
				ENABLE_STRICT_OBJC_MSGSEND = YES;
				GCC_C_LANGUAGE_STANDARD = gnu11;
				GCC_NO_COMMON_BLOCKS = YES;
				GCC_WARN_64_TO_32_BIT_CONVERSION = YES;
				GCC_WARN_ABOUT_RETURN_TYPE = YES_ERROR;
				GCC_WARN_UNDECLARED_SELECTOR = YES;
				GCC_WARN_UNINITIALIZED_AUTOS = YES_AGGRESSIVE;
				GCC_WARN_UNUSED_FUNCTION = YES;
				GCC_WARN_UNUSED_VARIABLE = YES;
				IPHONEOS_DEPLOYMENT_TARGET = 12.4;
				MTL_ENABLE_DEBUG_INFO = NO;
				MTL_FAST_MATH = YES;
				SDKROOT = iphoneos;
				SWIFT_COMPILATION_MODE = wholemodule;
				SWIFT_OPTIMIZATION_LEVEL = "-O";
				SWIFT_VERSION = 5.0;
				VALIDATE_PRODUCT = YES;
			};
			name = Release;
		};
		ECCAD757231EC89E00A43343 /* Debug */ = {
			isa = XCBuildConfiguration;
			baseConfigurationReference = 8E770E677878626B104EE0CF /* Pods-BauerFitPrototype.debug.xcconfig */;
			buildSettings = {
				ASSETCATALOG_COMPILER_APPICON_NAME = AppIcon;
				CODE_SIGN_STYLE = Automatic;
				DEVELOPMENT_TEAM = W9875NV3WF;
				INFOPLIST_FILE = BauerFitPrototype/Support/Info.plist;
				IPHONEOS_DEPLOYMENT_TARGET = 12.4;
				LD_RUNPATH_SEARCH_PATHS = (
					"$(inherited)",
					"@executable_path/Frameworks",
				);
				PRODUCT_BUNDLE_IDENTIFIER = com.hipo.BauerFitPrototype;
				PRODUCT_NAME = "$(TARGET_NAME)";
				SWIFT_VERSION = 5.0;
				TARGETED_DEVICE_FAMILY = 1;
			};
			name = Debug;
		};
		ECCAD758231EC89E00A43343 /* Release */ = {
			isa = XCBuildConfiguration;
			baseConfigurationReference = C2BA779579F775E2B9D0F6E6 /* Pods-BauerFitPrototype.release.xcconfig */;
			buildSettings = {
				ASSETCATALOG_COMPILER_APPICON_NAME = AppIcon;
				CODE_SIGN_STYLE = Automatic;
				DEVELOPMENT_TEAM = W9875NV3WF;
				INFOPLIST_FILE = BauerFitPrototype/Support/Info.plist;
				IPHONEOS_DEPLOYMENT_TARGET = 12.4;
				LD_RUNPATH_SEARCH_PATHS = (
					"$(inherited)",
					"@executable_path/Frameworks",
				);
				PRODUCT_BUNDLE_IDENTIFIER = com.hipo.BauerFitPrototype;
				PRODUCT_NAME = "$(TARGET_NAME)";
				SWIFT_VERSION = 5.0;
				TARGETED_DEVICE_FAMILY = 1;
			};
			name = Release;
		};
/* End XCBuildConfiguration section */

/* Begin XCConfigurationList section */
		ECCAD73F231EC89D00A43343 /* Build configuration list for PBXProject "BauerFitPrototype" */ = {
			isa = XCConfigurationList;
			buildConfigurations = (
				ECCAD754231EC89E00A43343 /* Debug */,
				ECCAD755231EC89E00A43343 /* Release */,
			);
			defaultConfigurationIsVisible = 0;
			defaultConfigurationName = Release;
		};
		ECCAD756231EC89E00A43343 /* Build configuration list for PBXNativeTarget "BauerFitPrototype" */ = {
			isa = XCConfigurationList;
			buildConfigurations = (
				ECCAD757231EC89E00A43343 /* Debug */,
				ECCAD758231EC89E00A43343 /* Release */,
			);
			defaultConfigurationIsVisible = 0;
			defaultConfigurationName = Release;
		};
/* End XCConfigurationList section */
	};
	rootObject = ECCAD73C231EC89D00A43343 /* Project object */;
}
